
Microsoft Visual Studio Solution File, Format Version 12.00
Project("{FAE04EC0-301F-11D3-BF4B-00C04F79EFBC}") = "Lb_4", "Lb_4\Lb_4.csproj", "{75D24B3A-DA2D-492F-B0DF-9311AC6754FB}"
EndProject
Global
	GlobalSection(SolutionConfigurationPlatforms) = preSolution
		Debug|Any CPU = Debug|Any CPU
		Release|Any CPU = Release|Any CPU
	EndGlobalSection
	GlobalSection(ProjectConfigurationPlatforms) = postSolution
		{75D24B3A-DA2D-492F-B0DF-9311AC6754FB}.Debug|Any CPU.ActiveCfg = Debug|Any CPU
		{75D24B3A-DA2D-492F-B0DF-9311AC6754FB}.Debug|Any CPU.Build.0 = Debug|Any CPU
		{75D24B3A-DA2D-492F-B0DF-9311AC6754FB}.Release|Any CPU.ActiveCfg = Release|Any CPU
		{75D24B3A-DA2D-492F-B0DF-9311AC6754FB}.Release|Any CPU.Build.0 = Release|Any CPU
	EndGlobalSection
EndGlobal
